
Microsoft Visual Studio Solution File, Format Version 12.00
# Visual Studio Version 17
VisualStudioVersion = 17.14.36301.6 d17.14
MinimumVisualStudioVersion = 10.0.40219.1
Project("{FAE04EC0-301F-11D3-BF4B-00C04F79EFBC}") = "PavelZhilinDoctorsApp", "PavelZhilinDoctorsApp.csproj", "{EC96D83F-B411-42C3-85E8-0BF4B7DDB6CC}"
EndProject
Global
	GlobalSection(SolutionConfigurationPlatforms) = preSolution
		Debug|Any CPU = Debug|Any CPU
		Release|Any CPU = Release|Any CPU
	EndGlobalSection
	GlobalSection(ProjectConfigurationPlatforms) = postSolution
		{EC96D83F-B411-42C3-85E8-0BF4B7DDB6CC}.Debug|Any CPU.ActiveCfg = Debug|Any CPU
		{EC96D83F-B411-42C3-85E8-0BF4B7DDB6CC}.Debug|Any CPU.Build.0 = Debug|Any CPU
		{EC96D83F-B411-42C3-85E8-0BF4B7DDB6CC}.Release|Any CPU.ActiveCfg = Release|Any CPU
		{EC96D83F-B411-42C3-85E8-0BF4B7DDB6CC}.Release|Any CPU.Build.0 = Release|Any CPU
	EndGlobalSection
	GlobalSection(SolutionProperties) = preSolution
		HideSolutionNode = FALSE
	EndGlobalSection
	GlobalSection(ExtensibilityGlobals) = postSolution
		SolutionGuid = {AB5A10D3-4822-40A2-A20A-806F97116DC1}
	EndGlobalSection
EndGlobal
